// !$*UTF8*$!
{
	archiveVersion = 1;
	classes = {
	};
	objectVersion = 60;
	objects = {

/* Begin PBXBuildFile section */
		6C257DDA2BF25DFC0018F556 /* StoreKit.framework in Frameworks */ = {isa = PBXBuildFile; fileRef = 6C257DD92BF25DFC0018F556 /* StoreKit.framework */; };
		6C3523322BE9306C00077307 /* SystemMediumExpenseTracker.swift in Sources */ = {isa = PBXBuildFile; fileRef = 6C3523312BE9306C00077307 /* SystemMediumExpenseTracker.swift */; };
		6C3523342BE94EB400077307 /* SystemLargeExpenseTracker.swift in Sources */ = {isa = PBXBuildFile; fileRef = 6C3523332BE94EB400077307 /* SystemLargeExpenseTracker.swift */; };
		6C44A7142BC6075200C94C2C /* RefdsBudgetApp.swift in Sources */ = {isa = PBXBuildFile; fileRef = 6C44A7132BC6075200C94C2C /* RefdsBudgetApp.swift */; };
		6C44A7162BC6075200C94C2C /* ContentView.swift in Sources */ = {isa = PBXBuildFile; fileRef = 6C44A7152BC6075200C94C2C /* ContentView.swift */; };
		6C44A7182BC6075500C94C2C /* Assets.xcassets in Resources */ = {isa = PBXBuildFile; fileRef = 6C44A7172BC6075500C94C2C /* Assets.xcassets */; };
		6C44A71C2BC6075500C94C2C /* Preview Assets.xcassets in Resources */ = {isa = PBXBuildFile; fileRef = 6C44A71B2BC6075500C94C2C /* Preview Assets.xcassets */; };
		6C44A7242BC607EA00C94C2C /* RefdsBudgetKit in Frameworks */ = {isa = PBXBuildFile; productRef = 6C44A7232BC607EA00C94C2C /* RefdsBudgetKit */; };
		6C587EDA2BF661B70095AFA9 /* BudgetStoreConfig.storekit in Resources */ = {isa = PBXBuildFile; fileRef = 6C587ED92BF661B70095AFA9 /* BudgetStoreConfig.storekit */; };
		6C587EDB2BF661B70095AFA9 /* BudgetStoreConfig.storekit in Resources */ = {isa = PBXBuildFile; fileRef = 6C587ED92BF661B70095AFA9 /* BudgetStoreConfig.storekit */; };
		6CA940302BFFC0A200E1BC30 /* Environment.swift in Sources */ = {isa = PBXBuildFile; fileRef = 6CA9402F2BFFC0A200E1BC30 /* Environment.swift */; };
		6CA940312BFFC45700E1BC30 /* RefdsBudgetWidget.appex in Embed Foundation Extensions */ = {isa = PBXBuildFile; fileRef = 6CE513242BE3F490005085CE /* RefdsBudgetWidget.appex */; settings = {ATTRIBUTES = (RemoveHeadersOnCopy, ); }; };
		6CE5131D2BE2F2A5005085CE /* SideNavigationView.swift in Sources */ = {isa = PBXBuildFile; fileRef = 6CE5131C2BE2F2A5005085CE /* SideNavigationView.swift */; };
		6CE5131F2BE2F445005085CE /* TabNavigationView.swift in Sources */ = {isa = PBXBuildFile; fileRef = 6CE5131E2BE2F445005085CE /* TabNavigationView.swift */; };
		6CE513272BE3F490005085CE /* WidgetKit.framework in Frameworks */ = {isa = PBXBuildFile; fileRef = 6CE513262BE3F490005085CE /* WidgetKit.framework */; };
		6CE513292BE3F490005085CE /* SwiftUI.framework in Frameworks */ = {isa = PBXBuildFile; fileRef = 6CE513282BE3F490005085CE /* SwiftUI.framework */; };
		6CE5132C2BE3F490005085CE /* RefdsBudgetWidgetBundle.swift in Sources */ = {isa = PBXBuildFile; fileRef = 6CE5132B2BE3F490005085CE /* RefdsBudgetWidgetBundle.swift */; };
		6CE5132E2BE3F490005085CE /* SystemSmallExpenseTracker.swift in Sources */ = {isa = PBXBuildFile; fileRef = 6CE5132D2BE3F490005085CE /* SystemSmallExpenseTracker.swift */; };
		6CE513322BE3F491005085CE /* Assets.xcassets in Resources */ = {isa = PBXBuildFile; fileRef = 6CE513312BE3F491005085CE /* Assets.xcassets */; };
		6CE5133D2BE3F94C005085CE /* RefdsBudgetKit in Frameworks */ = {isa = PBXBuildFile; productRef = 6CE5133C2BE3F94C005085CE /* RefdsBudgetKit */; };
		6CE5133F2BE41C81005085CE /* RefdsBudgetWidgetPresenter.swift in Sources */ = {isa = PBXBuildFile; fileRef = 6CE5133E2BE417F2005085CE /* RefdsBudgetWidgetPresenter.swift */; };
		6CE5135B2BE52C80005085CE /* SystemSmallExpenseProgress.swift in Sources */ = {isa = PBXBuildFile; fileRef = 6CE5135A2BE52C80005085CE /* SystemSmallExpenseProgress.swift */; };
		6CE5135D2BE552B4005085CE /* SystemSmallTransactions.swift in Sources */ = {isa = PBXBuildFile; fileRef = 6CE5135C2BE552B4005085CE /* SystemSmallTransactions.swift */; };
/* End PBXBuildFile section */

/* Begin PBXContainerItemProxy section */
		6CE513352BE3F491005085CE /* PBXContainerItemProxy */ = {
			isa = PBXContainerItemProxy;
			containerPortal = 6C44A7082BC6075100C94C2C /* Project object */;
			proxyType = 1;
			remoteGlobalIDString = 6CE513232BE3F490005085CE;
			remoteInfo = RefdsBudgetWidgetExtension;
		};
/* End PBXContainerItemProxy section */

/* Begin PBXCopyFilesBuildPhase section */
		6CE513382BE3F491005085CE /* Embed Foundation Extensions */ = {
			isa = PBXCopyFilesBuildPhase;
			buildActionMask = 8;
			dstPath = "";
			dstSubfolderSpec = 13;
			files = (
				6CA940312BFFC45700E1BC30 /* RefdsBudgetWidget.appex in Embed Foundation Extensions */,
			);
			name = "Embed Foundation Extensions";
			runOnlyForDeploymentPostprocessing = 1;
		};
/* End PBXCopyFilesBuildPhase section */

/* Begin PBXFileReference section */
		6C257DD92BF25DFC0018F556 /* StoreKit.framework */ = {isa = PBXFileReference; lastKnownFileType = wrapper.framework; name = StoreKit.framework; path = System/Library/Frameworks/StoreKit.framework; sourceTree = SDKROOT; };
		6C3523312BE9306C00077307 /* SystemMediumExpenseTracker.swift */ = {isa = PBXFileReference; lastKnownFileType = sourcecode.swift; path = SystemMediumExpenseTracker.swift; sourceTree = "<group>"; };
		6C3523332BE94EB400077307 /* SystemLargeExpenseTracker.swift */ = {isa = PBXFileReference; lastKnownFileType = sourcecode.swift; path = SystemLargeExpenseTracker.swift; sourceTree = "<group>"; };
		6C44A7102BC6075100C94C2C /* Budget.app */ = {isa = PBXFileReference; explicitFileType = wrapper.application; includeInIndex = 0; path = Budget.app; sourceTree = BUILT_PRODUCTS_DIR; };
		6C44A7132BC6075200C94C2C /* RefdsBudgetApp.swift */ = {isa = PBXFileReference; lastKnownFileType = sourcecode.swift; path = RefdsBudgetApp.swift; sourceTree = "<group>"; };
		6C44A7152BC6075200C94C2C /* ContentView.swift */ = {isa = PBXFileReference; lastKnownFileType = sourcecode.swift; path = ContentView.swift; sourceTree = "<group>"; };
		6C44A7172BC6075500C94C2C /* Assets.xcassets */ = {isa = PBXFileReference; lastKnownFileType = folder.assetcatalog; path = Assets.xcassets; sourceTree = "<group>"; };
		6C44A7192BC6075500C94C2C /* RefdsBudget.entitlements */ = {isa = PBXFileReference; lastKnownFileType = text.plist.entitlements; path = RefdsBudget.entitlements; sourceTree = "<group>"; };
		6C44A71B2BC6075500C94C2C /* Preview Assets.xcassets */ = {isa = PBXFileReference; lastKnownFileType = folder.assetcatalog; path = "Preview Assets.xcassets"; sourceTree = "<group>"; };
		6C44A7252BC6091C00C94C2C /* Info.plist */ = {isa = PBXFileReference; lastKnownFileType = text.plist; path = Info.plist; sourceTree = "<group>"; };
		6C587ED92BF661B70095AFA9 /* BudgetStoreConfig.storekit */ = {isa = PBXFileReference; lastKnownFileType = text; path = BudgetStoreConfig.storekit; sourceTree = "<group>"; };
		6CA9402F2BFFC0A200E1BC30 /* Environment.swift */ = {isa = PBXFileReference; lastKnownFileType = sourcecode.swift; path = Environment.swift; sourceTree = "<group>"; };
		6CE5131C2BE2F2A5005085CE /* SideNavigationView.swift */ = {isa = PBXFileReference; lastKnownFileType = sourcecode.swift; path = SideNavigationView.swift; sourceTree = "<group>"; };
		6CE5131E2BE2F445005085CE /* TabNavigationView.swift */ = {isa = PBXFileReference; lastKnownFileType = sourcecode.swift; path = TabNavigationView.swift; sourceTree = "<group>"; };
		6CE513242BE3F490005085CE /* RefdsBudgetWidget.appex */ = {isa = PBXFileReference; explicitFileType = "wrapper.app-extension"; includeInIndex = 0; path = RefdsBudgetWidget.appex; sourceTree = BUILT_PRODUCTS_DIR; };
		6CE513262BE3F490005085CE /* WidgetKit.framework */ = {isa = PBXFileReference; lastKnownFileType = wrapper.framework; name = WidgetKit.framework; path = /System/Library/Frameworks/WidgetKit.framework; sourceTree = "<absolute>"; };
		6CE513282BE3F490005085CE /* SwiftUI.framework */ = {isa = PBXFileReference; lastKnownFileType = wrapper.framework; name = SwiftUI.framework; path = /System/Library/Frameworks/SwiftUI.framework; sourceTree = "<absolute>"; };
		6CE5132B2BE3F490005085CE /* RefdsBudgetWidgetBundle.swift */ = {isa = PBXFileReference; lastKnownFileType = sourcecode.swift; path = RefdsBudgetWidgetBundle.swift; sourceTree = "<group>"; };
		6CE5132D2BE3F490005085CE /* SystemSmallExpenseTracker.swift */ = {isa = PBXFileReference; lastKnownFileType = sourcecode.swift; path = SystemSmallExpenseTracker.swift; sourceTree = "<group>"; };
		6CE513312BE3F491005085CE /* Assets.xcassets */ = {isa = PBXFileReference; lastKnownFileType = folder.assetcatalog; path = Assets.xcassets; sourceTree = "<group>"; };
		6CE513332BE3F491005085CE /* Info.plist */ = {isa = PBXFileReference; lastKnownFileType = text.plist.xml; path = Info.plist; sourceTree = "<group>"; };
		6CE513342BE3F491005085CE /* RefdsBudgetWidget.entitlements */ = {isa = PBXFileReference; lastKnownFileType = text.plist.entitlements; path = RefdsBudgetWidget.entitlements; sourceTree = "<group>"; };
		6CE5133E2BE417F2005085CE /* RefdsBudgetWidgetPresenter.swift */ = {isa = PBXFileReference; lastKnownFileType = sourcecode.swift; path = RefdsBudgetWidgetPresenter.swift; sourceTree = "<group>"; };
		6CE5135A2BE52C80005085CE /* SystemSmallExpenseProgress.swift */ = {isa = PBXFileReference; lastKnownFileType = sourcecode.swift; path = SystemSmallExpenseProgress.swift; sourceTree = "<group>"; };
		6CE5135C2BE552B4005085CE /* SystemSmallTransactions.swift */ = {isa = PBXFileReference; lastKnownFileType = sourcecode.swift; path = SystemSmallTransactions.swift; sourceTree = "<group>"; };
/* End PBXFileReference section */

/* Begin PBXFrameworksBuildPhase section */
		6C44A70D2BC6075100C94C2C /* Frameworks */ = {
			isa = PBXFrameworksBuildPhase;
			buildActionMask = 2147483647;
			files = (
				6C44A7242BC607EA00C94C2C /* RefdsBudgetKit in Frameworks */,
				6C257DDA2BF25DFC0018F556 /* StoreKit.framework in Frameworks */,
			);
			runOnlyForDeploymentPostprocessing = 0;
		};
		6CE513212BE3F490005085CE /* Frameworks */ = {
			isa = PBXFrameworksBuildPhase;
			buildActionMask = 2147483647;
			files = (
				6CE513292BE3F490005085CE /* SwiftUI.framework in Frameworks */,
				6CE5133D2BE3F94C005085CE /* RefdsBudgetKit in Frameworks */,
				6CE513272BE3F490005085CE /* WidgetKit.framework in Frameworks */,
			);
			runOnlyForDeploymentPostprocessing = 0;
		};
/* End PBXFrameworksBuildPhase section */

/* Begin PBXGroup section */
		6C44A7072BC6075100C94C2C = {
			isa = PBXGroup;
			children = (
				6C587ED92BF661B70095AFA9 /* BudgetStoreConfig.storekit */,
				6C44A7122BC6075100C94C2C /* RefdsBudget */,
				6CE5132A2BE3F490005085CE /* RefdsBudgetWidget */,
				6CE513252BE3F490005085CE /* Frameworks */,
				6C44A7112BC6075100C94C2C /* Products */,
			);
			sourceTree = "<group>";
		};
		6C44A7112BC6075100C94C2C /* Products */ = {
			isa = PBXGroup;
			children = (
				6C44A7102BC6075100C94C2C /* Budget.app */,
				6CE513242BE3F490005085CE /* RefdsBudgetWidget.appex */,
			);
			name = Products;
			sourceTree = "<group>";
		};
		6C44A7122BC6075100C94C2C /* RefdsBudget */ = {
			isa = PBXGroup;
			children = (
				6C44A7252BC6091C00C94C2C /* Info.plist */,
				6C44A7132BC6075200C94C2C /* RefdsBudgetApp.swift */,
				6CE5131C2BE2F2A5005085CE /* SideNavigationView.swift */,
				6CE5131E2BE2F445005085CE /* TabNavigationView.swift */,
				6C44A7152BC6075200C94C2C /* ContentView.swift */,
				6CA9402F2BFFC0A200E1BC30 /* Environment.swift */,
				6C44A7172BC6075500C94C2C /* Assets.xcassets */,
				6C44A7192BC6075500C94C2C /* RefdsBudget.entitlements */,
				6C44A71A2BC6075500C94C2C /* Preview Content */,
			);
			path = RefdsBudget;
			sourceTree = "<group>";
		};
		6C44A71A2BC6075500C94C2C /* Preview Content */ = {
			isa = PBXGroup;
			children = (
				6C44A71B2BC6075500C94C2C /* Preview Assets.xcassets */,
			);
			path = "Preview Content";
			sourceTree = "<group>";
		};
		6CE513252BE3F490005085CE /* Frameworks */ = {
			isa = PBXGroup;
			children = (
				6C257DD92BF25DFC0018F556 /* StoreKit.framework */,
				6CE513262BE3F490005085CE /* WidgetKit.framework */,
				6CE513282BE3F490005085CE /* SwiftUI.framework */,
			);
			name = Frameworks;
			sourceTree = "<group>";
		};
		6CE5132A2BE3F490005085CE /* RefdsBudgetWidget */ = {
			isa = PBXGroup;
			children = (
				6CE5132B2BE3F490005085CE /* RefdsBudgetWidgetBundle.swift */,
				6CE5132D2BE3F490005085CE /* SystemSmallExpenseTracker.swift */,
				6CE5135A2BE52C80005085CE /* SystemSmallExpenseProgress.swift */,
				6CE5135C2BE552B4005085CE /* SystemSmallTransactions.swift */,
				6C3523312BE9306C00077307 /* SystemMediumExpenseTracker.swift */,
				6C3523332BE94EB400077307 /* SystemLargeExpenseTracker.swift */,
				6CE5133E2BE417F2005085CE /* RefdsBudgetWidgetPresenter.swift */,
				6CE513312BE3F491005085CE /* Assets.xcassets */,
				6CE513332BE3F491005085CE /* Info.plist */,
				6CE513342BE3F491005085CE /* RefdsBudgetWidget.entitlements */,
			);
			path = RefdsBudgetWidget;
			sourceTree = "<group>";
		};
/* End PBXGroup section */

/* Begin PBXNativeTarget section */
		6C44A70F2BC6075100C94C2C /* RefdsBudget */ = {
			isa = PBXNativeTarget;
			buildConfigurationList = 6C44A71F2BC6075500C94C2C /* Build configuration list for PBXNativeTarget "RefdsBudget" */;
			buildPhases = (
				6C44A70C2BC6075100C94C2C /* Sources */,
				6C44A70D2BC6075100C94C2C /* Frameworks */,
				6C44A70E2BC6075100C94C2C /* Resources */,
				6CE513382BE3F491005085CE /* Embed Foundation Extensions */,
			);
			buildRules = (
			);
			dependencies = (
				6C68D5AC2BF6582C00A3C2D1 /* PBXTargetDependency */,
				6CE513362BE3F491005085CE /* PBXTargetDependency */,
			);
			name = RefdsBudget;
			packageProductDependencies = (
				6C44A7232BC607EA00C94C2C /* RefdsBudgetKit */,
			);
			productName = RefdsBudget;
			productReference = 6C44A7102BC6075100C94C2C /* Budget.app */;
			productType = "com.apple.product-type.application";
		};
		6CE513232BE3F490005085CE /* RefdsBudgetWidget */ = {
			isa = PBXNativeTarget;
			buildConfigurationList = 6CE5133B2BE3F491005085CE /* Build configuration list for PBXNativeTarget "RefdsBudgetWidget" */;
			buildPhases = (
				6CE513202BE3F490005085CE /* Sources */,
				6CE513212BE3F490005085CE /* Frameworks */,
				6CE513222BE3F490005085CE /* Resources */,
			);
			buildRules = (
			);
			dependencies = (
			);
			name = RefdsBudgetWidget;
			packageProductDependencies = (
				6CE5133C2BE3F94C005085CE /* RefdsBudgetKit */,
			);
			productName = RefdsBudgetWidgetExtension;
			productReference = 6CE513242BE3F490005085CE /* RefdsBudgetWidget.appex */;
			productType = "com.apple.product-type.app-extension";
		};
/* End PBXNativeTarget section */

/* Begin PBXProject section */
		6C44A7082BC6075100C94C2C /* Project object */ = {
			isa = PBXProject;
			attributes = {
				BuildIndependentTargetsInParallel = 1;
				LastSwiftUpdateCheck = 1530;
				LastUpgradeCheck = 1540;
				TargetAttributes = {
					6C44A70F2BC6075100C94C2C = {
						CreatedOnToolsVersion = 15.3;
					};
					6CE513232BE3F490005085CE = {
						CreatedOnToolsVersion = 15.3;
					};
				};
			};
			buildConfigurationList = 6C44A70B2BC6075100C94C2C /* Build configuration list for PBXProject "RefdsBudget" */;
			compatibilityVersion = "Xcode 14.0";
			developmentRegion = "pt-BR";
			hasScannedForEncodings = 0;
			knownRegions = (
				"pt-BR",
				Base,
				en,
			);
			mainGroup = 6C44A7072BC6075100C94C2C;
			packageReferences = (
				6C44A7222BC607EA00C94C2C /* XCLocalSwiftPackageReference "../RefdsBudgetKit" */,
			);
			productRefGroup = 6C44A7112BC6075100C94C2C /* Products */;
			projectDirPath = "";
			projectRoot = "";
			targets = (
				6C44A70F2BC6075100C94C2C /* RefdsBudget */,
				6CE513232BE3F490005085CE /* RefdsBudgetWidget */,
			);
		};
/* End PBXProject section */

/* Begin PBXResourcesBuildPhase section */
		6C44A70E2BC6075100C94C2C /* Resources */ = {
			isa = PBXResourcesBuildPhase;
			buildActionMask = 2147483647;
			files = (
				6C587EDA2BF661B70095AFA9 /* BudgetStoreConfig.storekit in Resources */,
				6C44A71C2BC6075500C94C2C /* Preview Assets.xcassets in Resources */,
				6C44A7182BC6075500C94C2C /* Assets.xcassets in Resources */,
			);
			runOnlyForDeploymentPostprocessing = 0;
		};
		6CE513222BE3F490005085CE /* Resources */ = {
			isa = PBXResourcesBuildPhase;
			buildActionMask = 2147483647;
			files = (
				6CE513322BE3F491005085CE /* Assets.xcassets in Resources */,
				6C587EDB2BF661B70095AFA9 /* BudgetStoreConfig.storekit in Resources */,
			);
			runOnlyForDeploymentPostprocessing = 0;
		};
/* End PBXResourcesBuildPhase section */

/* Begin PBXSourcesBuildPhase section */
		6C44A70C2BC6075100C94C2C /* Sources */ = {
			isa = PBXSourcesBuildPhase;
			buildActionMask = 2147483647;
			files = (
				6CE5131F2BE2F445005085CE /* TabNavigationView.swift in Sources */,
				6CE5131D2BE2F2A5005085CE /* SideNavigationView.swift in Sources */,
				6C44A7162BC6075200C94C2C /* ContentView.swift in Sources */,
				6C44A7142BC6075200C94C2C /* RefdsBudgetApp.swift in Sources */,
				6CA940302BFFC0A200E1BC30 /* Environment.swift in Sources */,
			);
			runOnlyForDeploymentPostprocessing = 0;
		};
		6CE513202BE3F490005085CE /* Sources */ = {
			isa = PBXSourcesBuildPhase;
			buildActionMask = 2147483647;
			files = (
				6C3523322BE9306C00077307 /* SystemMediumExpenseTracker.swift in Sources */,
				6C3523342BE94EB400077307 /* SystemLargeExpenseTracker.swift in Sources */,
				6CE5135D2BE552B4005085CE /* SystemSmallTransactions.swift in Sources */,
				6CE5135B2BE52C80005085CE /* SystemSmallExpenseProgress.swift in Sources */,
				6CE5133F2BE41C81005085CE /* RefdsBudgetWidgetPresenter.swift in Sources */,
				6CE5132C2BE3F490005085CE /* RefdsBudgetWidgetBundle.swift in Sources */,
				6CE5132E2BE3F490005085CE /* SystemSmallExpenseTracker.swift in Sources */,
			);
			runOnlyForDeploymentPostprocessing = 0;
		};
/* End PBXSourcesBuildPhase section */

/* Begin PBXTargetDependency section */
		6C68D5AC2BF6582C00A3C2D1 /* PBXTargetDependency */ = {
			isa = PBXTargetDependency;
			productRef = 6C68D5AB2BF6582C00A3C2D1 /* RefdsBudgetKit */;
		};
		6CE513362BE3F491005085CE /* PBXTargetDependency */ = {
			isa = PBXTargetDependency;
			target = 6CE513232BE3F490005085CE /* RefdsBudgetWidget */;
			targetProxy = 6CE513352BE3F491005085CE /* PBXContainerItemProxy */;
		};
/* End PBXTargetDependency section */

/* Begin XCBuildConfiguration section */
		6C44A71E2BC6075500C94C2C /* Release Production */ = {
			isa = XCBuildConfiguration;
			buildSettings = {
				ALWAYS_SEARCH_USER_PATHS = NO;
				APP_BUILD = 68;
				APP_VERSION = 2.0.0;
				ASSETCATALOG_COMPILER_GENERATE_SWIFT_ASSET_SYMBOL_EXTENSIONS = YES;
				CLANG_ANALYZER_LOCALIZABILITY_NONLOCALIZED = YES;
				CLANG_ANALYZER_NONNULL = YES;
				CLANG_ANALYZER_NUMBER_OBJECT_CONVERSION = YES_AGGRESSIVE;
				CLANG_CXX_LANGUAGE_STANDARD = "gnu++20";
				CLANG_ENABLE_MODULES = YES;
				CLANG_ENABLE_OBJC_ARC = YES;
				CLANG_ENABLE_OBJC_WEAK = YES;
				CLANG_WARN_BLOCK_CAPTURE_AUTORELEASING = YES;
				CLANG_WARN_BOOL_CONVERSION = YES;
				CLANG_WARN_COMMA = YES;
				CLANG_WARN_CONSTANT_CONVERSION = YES;
				CLANG_WARN_DEPRECATED_OBJC_IMPLEMENTATIONS = YES;
				CLANG_WARN_DIRECT_OBJC_ISA_USAGE = YES_ERROR;
				CLANG_WARN_DOCUMENTATION_COMMENTS = YES;
				CLANG_WARN_EMPTY_BODY = YES;
				CLANG_WARN_ENUM_CONVERSION = YES;
				CLANG_WARN_INFINITE_RECURSION = YES;
				CLANG_WARN_INT_CONVERSION = YES;
				CLANG_WARN_NON_LITERAL_NULL_CONVERSION = YES;
				CLANG_WARN_OBJC_IMPLICIT_RETAIN_SELF = YES;
				CLANG_WARN_OBJC_LITERAL_CONVERSION = YES;
				CLANG_WARN_OBJC_ROOT_CLASS = YES_ERROR;
				CLANG_WARN_QUOTED_INCLUDE_IN_FRAMEWORK_HEADER = YES;
				CLANG_WARN_RANGE_LOOP_ANALYSIS = YES;
				CLANG_WARN_STRICT_PROTOTYPES = YES;
				CLANG_WARN_SUSPICIOUS_MOVE = YES;
				CLANG_WARN_UNGUARDED_AVAILABILITY = YES_AGGRESSIVE;
				CLANG_WARN_UNREACHABLE_CODE = YES;
				CLANG_WARN__DUPLICATE_METHOD_MATCH = YES;
				COPY_PHASE_STRIP = NO;
				CURRENT_PROJECT_VERSION = 1;
				DEAD_CODE_STRIPPING = YES;
				DEBUG_INFORMATION_FORMAT = "dwarf-with-dsym";
				ENABLE_NS_ASSERTIONS = NO;
				ENABLE_STRICT_OBJC_MSGSEND = YES;
				ENABLE_USER_SCRIPT_SANDBOXING = YES;
				GCC_C_LANGUAGE_STANDARD = gnu17;
				GCC_NO_COMMON_BLOCKS = YES;
				GCC_WARN_64_TO_32_BIT_CONVERSION = YES;
				GCC_WARN_ABOUT_RETURN_TYPE = YES_ERROR;
				GCC_WARN_UNDECLARED_SELECTOR = YES;
				GCC_WARN_UNINITIALIZED_AUTOS = YES_AGGRESSIVE;
				GCC_WARN_UNUSED_FUNCTION = YES;
				GCC_WARN_UNUSED_VARIABLE = YES;
				IPHONEOS_DEPLOYMENT_TARGET = 17.0;
				LOCALIZATION_PREFERS_STRING_CATALOGS = YES;
				MACOSX_DEPLOYMENT_TARGET = 14.0;
				MTL_ENABLE_DEBUG_INFO = NO;
				MTL_FAST_MATH = YES;
				SWIFT_COMPILATION_MODE = wholemodule;
			};
			name = "Release Production";
		};
		6C44A7212BC6075500C94C2C /* Release Production */ = {
			isa = XCBuildConfiguration;
			buildSettings = {
				ALWAYS_EMBED_SWIFT_STANDARD_LIBRARIES = YES;
				ASSETCATALOG_COMPILER_APPICON_NAME = AppIcon;
				ASSETCATALOG_COMPILER_GLOBAL_ACCENT_COLOR_NAME = AccentColor;
				ASSETCATALOG_COMPILER_INCLUDE_ALL_APPICON_ASSETS = YES;
				CODE_SIGN_ENTITLEMENTS = RefdsBudget/RefdsBudget.entitlements;
				CODE_SIGN_STYLE = Automatic;
				CURRENT_PROJECT_VERSION = "$(APP_BUILD)";
				DEAD_CODE_STRIPPING = YES;
				DEVELOPMENT_ASSET_PATHS = "\"RefdsBudget/Preview Content\"";
				DEVELOPMENT_TEAM = Q7QLR2PH2X;
				ENABLE_HARDENED_RUNTIME = YES;
				ENABLE_PREVIEWS = YES;
				GENERATE_INFOPLIST_FILE = YES;
				INFOPLIST_FILE = RefdsBudget/Info.plist;
				INFOPLIST_KEY_CFBundleDisplayName = Budget;
				INFOPLIST_KEY_LSApplicationCategoryType = "public.app-category.finance";
				INFOPLIST_KEY_LSSupportsOpeningDocumentsInPlace = YES;
				INFOPLIST_KEY_NSFaceIDUsageDescription = "Hello! We're implementing an extra layer of security to ensure the protection of your data. We're requesting your biometrics to unlock the app, providing a more secure and convenient experience. Thank you for your understanding and cooperation!";
				"INFOPLIST_KEY_UIApplicationSceneManifest_Generation[sdk=iphoneos*]" = YES;
				"INFOPLIST_KEY_UIApplicationSceneManifest_Generation[sdk=iphonesimulator*]" = YES;
				"INFOPLIST_KEY_UIApplicationSupportsIndirectInputEvents[sdk=iphoneos*]" = YES;
				"INFOPLIST_KEY_UIApplicationSupportsIndirectInputEvents[sdk=iphonesimulator*]" = YES;
				"INFOPLIST_KEY_UILaunchScreen_Generation[sdk=iphoneos*]" = YES;
				"INFOPLIST_KEY_UILaunchScreen_Generation[sdk=iphonesimulator*]" = YES;
				"INFOPLIST_KEY_UIStatusBarStyle[sdk=iphoneos*]" = UIStatusBarStyleDefault;
				"INFOPLIST_KEY_UIStatusBarStyle[sdk=iphonesimulator*]" = UIStatusBarStyleDefault;
				INFOPLIST_KEY_UISupportedInterfaceOrientations = UIInterfaceOrientationPortrait;
				INFOPLIST_KEY_UISupportedInterfaceOrientations_iPad = "UIInterfaceOrientationLandscapeLeft UIInterfaceOrientationLandscapeRight UIInterfaceOrientationPortrait UIInterfaceOrientationPortraitUpsideDown";
				INFOPLIST_KEY_UISupportsDocumentBrowser = YES;
				IPHONEOS_DEPLOYMENT_TARGET = 17.0;
				LD_RUNPATH_SEARCH_PATHS = "@executable_path/Frameworks";
				"LD_RUNPATH_SEARCH_PATHS[sdk=macosx*]" = "@executable_path/../Frameworks";
				MACOSX_DEPLOYMENT_TARGET = 14.4;
				MARKETING_VERSION = "$(APP_VERSION)";
				PRODUCT_BUNDLE_IDENTIFIER = br.com.rafaelescaleira.Budget;
				PRODUCT_NAME = Budget;
				SDKROOT = auto;
				SUPPORTED_PLATFORMS = "iphoneos iphonesimulator";
				SUPPORTS_MACCATALYST = NO;
				SUPPORTS_MAC_DESIGNED_FOR_IPHONE_IPAD = YES;
				SUPPORTS_XR_DESIGNED_FOR_IPHONE_IPAD = YES;
				SWIFT_EMIT_LOC_STRINGS = YES;
				SWIFT_VERSION = 5.0;
				TARGETED_DEVICE_FAMILY = "1,2";
			};
			name = "Release Production";
		};
		6CA9402C2BFFBBDF00E1BC30 /* Release Development */ = {
			isa = XCBuildConfiguration;
			buildSettings = {
				ALWAYS_SEARCH_USER_PATHS = NO;
				APP_BUILD = 68;
				APP_VERSION = 2.0.0;
				ASSETCATALOG_COMPILER_GENERATE_SWIFT_ASSET_SYMBOL_EXTENSIONS = YES;
				CLANG_ANALYZER_LOCALIZABILITY_NONLOCALIZED = YES;
				CLANG_ANALYZER_NONNULL = YES;
				CLANG_ANALYZER_NUMBER_OBJECT_CONVERSION = YES_AGGRESSIVE;
				CLANG_CXX_LANGUAGE_STANDARD = "gnu++20";
				CLANG_ENABLE_MODULES = YES;
				CLANG_ENABLE_OBJC_ARC = YES;
				CLANG_ENABLE_OBJC_WEAK = YES;
				CLANG_WARN_BLOCK_CAPTURE_AUTORELEASING = YES;
				CLANG_WARN_BOOL_CONVERSION = YES;
				CLANG_WARN_COMMA = YES;
				CLANG_WARN_CONSTANT_CONVERSION = YES;
				CLANG_WARN_DEPRECATED_OBJC_IMPLEMENTATIONS = YES;
				CLANG_WARN_DIRECT_OBJC_ISA_USAGE = YES_ERROR;
				CLANG_WARN_DOCUMENTATION_COMMENTS = YES;
				CLANG_WARN_EMPTY_BODY = YES;
				CLANG_WARN_ENUM_CONVERSION = YES;
				CLANG_WARN_INFINITE_RECURSION = YES;
				CLANG_WARN_INT_CONVERSION = YES;
				CLANG_WARN_NON_LITERAL_NULL_CONVERSION = YES;
				CLANG_WARN_OBJC_IMPLICIT_RETAIN_SELF = YES;
				CLANG_WARN_OBJC_LITERAL_CONVERSION = YES;
				CLANG_WARN_OBJC_ROOT_CLASS = YES_ERROR;
				CLANG_WARN_QUOTED_INCLUDE_IN_FRAMEWORK_HEADER = YES;
				CLANG_WARN_RANGE_LOOP_ANALYSIS = YES;
				CLANG_WARN_STRICT_PROTOTYPES = YES;
				CLANG_WARN_SUSPICIOUS_MOVE = YES;
				CLANG_WARN_UNGUARDED_AVAILABILITY = YES_AGGRESSIVE;
				CLANG_WARN_UNREACHABLE_CODE = YES;
				CLANG_WARN__DUPLICATE_METHOD_MATCH = YES;
				COPY_PHASE_STRIP = NO;
				CURRENT_PROJECT_VERSION = 1;
				DEAD_CODE_STRIPPING = YES;
				DEBUG_INFORMATION_FORMAT = "dwarf-with-dsym";
				ENABLE_NS_ASSERTIONS = NO;
				ENABLE_STRICT_OBJC_MSGSEND = YES;
				ENABLE_USER_SCRIPT_SANDBOXING = YES;
				GCC_C_LANGUAGE_STANDARD = gnu17;
				GCC_NO_COMMON_BLOCKS = YES;
				GCC_WARN_64_TO_32_BIT_CONVERSION = YES;
				GCC_WARN_ABOUT_RETURN_TYPE = YES_ERROR;
				GCC_WARN_UNDECLARED_SELECTOR = YES;
				GCC_WARN_UNINITIALIZED_AUTOS = YES_AGGRESSIVE;
				GCC_WARN_UNUSED_FUNCTION = YES;
				GCC_WARN_UNUSED_VARIABLE = YES;
				IPHONEOS_DEPLOYMENT_TARGET = 17.0;
				LOCALIZATION_PREFERS_STRING_CATALOGS = YES;
				MACOSX_DEPLOYMENT_TARGET = 14.0;
				MTL_ENABLE_DEBUG_INFO = NO;
				MTL_FAST_MATH = YES;
				SWIFT_COMPILATION_MODE = wholemodule;
			};
			name = "Release Development";
		};
		6CA9402D2BFFBBDF00E1BC30 /* Release Development */ = {
			isa = XCBuildConfiguration;
			buildSettings = {
				ALWAYS_EMBED_SWIFT_STANDARD_LIBRARIES = YES;
				ASSETCATALOG_COMPILER_APPICON_NAME = DevelopmentAppIcon;
				ASSETCATALOG_COMPILER_GLOBAL_ACCENT_COLOR_NAME = AccentColor;
				ASSETCATALOG_COMPILER_INCLUDE_ALL_APPICON_ASSETS = YES;
				CODE_SIGN_ENTITLEMENTS = RefdsBudget/RefdsBudget.entitlements;
				CODE_SIGN_STYLE = Automatic;
				CURRENT_PROJECT_VERSION = "$(APP_BUILD)";
				DEAD_CODE_STRIPPING = YES;
				DEVELOPMENT_ASSET_PATHS = "\"RefdsBudget/Preview Content\"";
				DEVELOPMENT_TEAM = Q7QLR2PH2X;
				ENABLE_HARDENED_RUNTIME = YES;
				ENABLE_PREVIEWS = YES;
				GENERATE_INFOPLIST_FILE = YES;
				INFOPLIST_FILE = RefdsBudget/Info.plist;
				INFOPLIST_KEY_CFBundleDisplayName = Budget;
				INFOPLIST_KEY_LSApplicationCategoryType = "public.app-category.finance";
				INFOPLIST_KEY_LSSupportsOpeningDocumentsInPlace = YES;
				INFOPLIST_KEY_NSFaceIDUsageDescription = "Hello! We're implementing an extra layer of security to ensure the protection of your data. We're requesting your biometrics to unlock the app, providing a more secure and convenient experience. Thank you for your understanding and cooperation!";
				"INFOPLIST_KEY_UIApplicationSceneManifest_Generation[sdk=iphoneos*]" = YES;
				"INFOPLIST_KEY_UIApplicationSceneManifest_Generation[sdk=iphonesimulator*]" = YES;
				"INFOPLIST_KEY_UIApplicationSupportsIndirectInputEvents[sdk=iphoneos*]" = YES;
				"INFOPLIST_KEY_UIApplicationSupportsIndirectInputEvents[sdk=iphonesimulator*]" = YES;
				"INFOPLIST_KEY_UILaunchScreen_Generation[sdk=iphoneos*]" = YES;
				"INFOPLIST_KEY_UILaunchScreen_Generation[sdk=iphonesimulator*]" = YES;
				"INFOPLIST_KEY_UIStatusBarStyle[sdk=iphoneos*]" = UIStatusBarStyleDefault;
				"INFOPLIST_KEY_UIStatusBarStyle[sdk=iphonesimulator*]" = UIStatusBarStyleDefault;
				INFOPLIST_KEY_UISupportedInterfaceOrientations = UIInterfaceOrientationPortrait;
				INFOPLIST_KEY_UISupportedInterfaceOrientations_iPad = "UIInterfaceOrientationLandscapeLeft UIInterfaceOrientationLandscapeRight UIInterfaceOrientationPortrait UIInterfaceOrientationPortraitUpsideDown";
				INFOPLIST_KEY_UISupportsDocumentBrowser = YES;
				IPHONEOS_DEPLOYMENT_TARGET = 17.0;
				LD_RUNPATH_SEARCH_PATHS = "@executable_path/Frameworks";
				"LD_RUNPATH_SEARCH_PATHS[sdk=macosx*]" = "@executable_path/../Frameworks";
				MACOSX_DEPLOYMENT_TARGET = 14.4;
				MARKETING_VERSION = "$(APP_VERSION)";
				PRODUCT_BUNDLE_IDENTIFIER = br.com.rafaelescaleira.Budget.development;
				PRODUCT_NAME = "Budget Development";
				SDKROOT = auto;
				SUPPORTED_PLATFORMS = "iphoneos iphonesimulator";
				SUPPORTS_MACCATALYST = NO;
				SUPPORTS_MAC_DESIGNED_FOR_IPHONE_IPAD = YES;
				SUPPORTS_XR_DESIGNED_FOR_IPHONE_IPAD = YES;
				SWIFT_EMIT_LOC_STRINGS = YES;
				SWIFT_VERSION = 5.0;
				TARGETED_DEVICE_FAMILY = "1,2";
			};
			name = "Release Development";
		};
		6CA9402E2BFFBBDF00E1BC30 /* Release Development */ = {
			isa = XCBuildConfiguration;
			buildSettings = {
				ASSETCATALOG_COMPILER_GLOBAL_ACCENT_COLOR_NAME = AccentColor;
				ASSETCATALOG_COMPILER_WIDGET_BACKGROUND_COLOR_NAME = WidgetBackground;
				CODE_SIGN_ENTITLEMENTS = RefdsBudgetWidget/RefdsBudgetWidget.entitlements;
				CODE_SIGN_STYLE = Automatic;
				CURRENT_PROJECT_VERSION = "$(APP_BUILD)";
				DEAD_CODE_STRIPPING = YES;
				DEVELOPMENT_TEAM = Q7QLR2PH2X;
				ENABLE_HARDENED_RUNTIME = YES;
				GENERATE_INFOPLIST_FILE = YES;
				INFOPLIST_FILE = RefdsBudgetWidget/Info.plist;
				INFOPLIST_KEY_CFBundleDisplayName = RefdsBudgetWidget;
				INFOPLIST_KEY_NSHumanReadableCopyright = "";
				IPHONEOS_DEPLOYMENT_TARGET = 17.4;
				LD_RUNPATH_SEARCH_PATHS = (
					"$(inherited)",
					"@executable_path/Frameworks",
					"@executable_path/../../Frameworks",
				);
				"LD_RUNPATH_SEARCH_PATHS[sdk=macosx*]" = (
					"$(inherited)",
					"@executable_path/../Frameworks",
					"@executable_path/../../../../Frameworks",
				);
				MACOSX_DEPLOYMENT_TARGET = 14.0;
				MARKETING_VERSION = "$(APP_VERSION)";
				PRODUCT_BUNDLE_IDENTIFIER = br.com.rafaelescaleira.Budget.RefdsBudgetWidget.development;
				PRODUCT_NAME = "Budget Widget Development";
				SDKROOT = auto;
				SKIP_INSTALL = YES;
				SUPPORTED_PLATFORMS = "iphoneos iphonesimulator macosx";
				SWIFT_EMIT_LOC_STRINGS = YES;
				SWIFT_VERSION = 5.0;
				TARGETED_DEVICE_FAMILY = "1,2";
				VERSIONING_SYSTEM = "";
			};
			name = "Release Development";
		};
		6CE5133A2BE3F491005085CE /* Release Production */ = {
			isa = XCBuildConfiguration;
			buildSettings = {
				ASSETCATALOG_COMPILER_GLOBAL_ACCENT_COLOR_NAME = AccentColor;
				ASSETCATALOG_COMPILER_WIDGET_BACKGROUND_COLOR_NAME = WidgetBackground;
				CODE_SIGN_ENTITLEMENTS = RefdsBudgetWidget/RefdsBudgetWidget.entitlements;
				CODE_SIGN_STYLE = Automatic;
				CURRENT_PROJECT_VERSION = "$(APP_BUILD)";
				DEAD_CODE_STRIPPING = YES;
				DEVELOPMENT_TEAM = Q7QLR2PH2X;
				ENABLE_HARDENED_RUNTIME = YES;
				GENERATE_INFOPLIST_FILE = YES;
				INFOPLIST_FILE = RefdsBudgetWidget/Info.plist;
				INFOPLIST_KEY_CFBundleDisplayName = RefdsBudgetWidget;
				INFOPLIST_KEY_NSHumanReadableCopyright = "";
				IPHONEOS_DEPLOYMENT_TARGET = 17.4;
				LD_RUNPATH_SEARCH_PATHS = (
					"$(inherited)",
					"@executable_path/Frameworks",
					"@executable_path/../../Frameworks",
				);
				"LD_RUNPATH_SEARCH_PATHS[sdk=macosx*]" = (
					"$(inherited)",
					"@executable_path/../Frameworks",
					"@executable_path/../../../../Frameworks",
				);
				MACOSX_DEPLOYMENT_TARGET = 14.0;
				MARKETING_VERSION = "$(APP_VERSION)";
				PRODUCT_BUNDLE_IDENTIFIER = br.com.rafaelescaleira.Budget.RefdsBudgetWidget;
				PRODUCT_NAME = "$(TARGET_NAME)";
				SDKROOT = auto;
				SKIP_INSTALL = YES;
				SUPPORTED_PLATFORMS = "iphoneos iphonesimulator macosx";
				SWIFT_EMIT_LOC_STRINGS = YES;
				SWIFT_VERSION = 5.0;
				TARGETED_DEVICE_FAMILY = "1,2";
				VERSIONING_SYSTEM = "";
			};
			name = "Release Production";
		};
/* End XCBuildConfiguration section */

/* Begin XCConfigurationList section */
		6C44A70B2BC6075100C94C2C /* Build configuration list for PBXProject "RefdsBudget" */ = {
			isa = XCConfigurationList;
			buildConfigurations = (
				6C44A71E2BC6075500C94C2C /* Release Production */,
				6CA9402C2BFFBBDF00E1BC30 /* Release Development */,
			);
			defaultConfigurationIsVisible = 0;
			defaultConfigurationName = "Release Production";
		};
		6C44A71F2BC6075500C94C2C /* Build configuration list for PBXNativeTarget "RefdsBudget" */ = {
			isa = XCConfigurationList;
			buildConfigurations = (
				6C44A7212BC6075500C94C2C /* Release Production */,
				6CA9402D2BFFBBDF00E1BC30 /* Release Development */,
			);
			defaultConfigurationIsVisible = 0;
			defaultConfigurationName = "Release Production";
		};
		6CE5133B2BE3F491005085CE /* Build configuration list for PBXNativeTarget "RefdsBudgetWidget" */ = {
			isa = XCConfigurationList;
			buildConfigurations = (
				6CE5133A2BE3F491005085CE /* Release Production */,
				6CA9402E2BFFBBDF00E1BC30 /* Release Development */,
			);
			defaultConfigurationIsVisible = 0;
			defaultConfigurationName = "Release Production";
		};
/* End XCConfigurationList section */

/* Begin XCLocalSwiftPackageReference section */
		6C44A7222BC607EA00C94C2C /* XCLocalSwiftPackageReference "../RefdsBudgetKit" */ = {
			isa = XCLocalSwiftPackageReference;
			relativePath = ../RefdsBudgetKit;
		};
/* End XCLocalSwiftPackageReference section */

/* Begin XCSwiftPackageProductDependency section */
		6C44A7232BC607EA00C94C2C /* RefdsBudgetKit */ = {
			isa = XCSwiftPackageProductDependency;
			productName = RefdsBudgetKit;
		};
		6C68D5AB2BF6582C00A3C2D1 /* RefdsBudgetKit */ = {
			isa = XCSwiftPackageProductDependency;
			package = 6C44A7222BC607EA00C94C2C /* XCLocalSwiftPackageReference "../RefdsBudgetKit" */;
			productName = RefdsBudgetKit;
		};
		6CE5133C2BE3F94C005085CE /* RefdsBudgetKit */ = {
			isa = XCSwiftPackageProductDependency;
			productName = RefdsBudgetKit;
		};
/* End XCSwiftPackageProductDependency section */
	};
	rootObject = 6C44A7082BC6075100C94C2C /* Project object */;
}
