{
  "pins" : [
    {
      "identity" : "refds-auth",
      "kind" : "remoteSourceControl",
      "location" : "https://github.com/rafaelesantos/refds-auth.git",
      "state" : {
        "branch" : "main",
        "revision" : "a5120b9b8a4af9c1130646c75315c3e635223249"
      }
    },
    {
      "identity" : "refds-core-data",
      "kind" : "remoteSourceControl",
      "location" : "https://github.com/rafaelesantos/refds-core-data.git",
      "state" : {
        "branch" : "main",
        "revision" : "f06c507d99609efd54559bb1786e8af273f93157"
      }
    },
    {
      "identity" : "refds-design-patterns",
      "kind" : "remoteSourceControl",
      "location" : "https://github.com/rafaelesantos/refds-design-patterns.git",
      "state" : {
        "branch" : "main",
        "revision" : "8bf6469eeae4243e35bdb2bd95ec231a2c5b21e5"
      }
    },
    {
      "identity" : "refds-design-system",
      "kind" : "remoteSourceControl",
      "location" : "https://github.com/rafaelesantos/refds-design-system.git",
      "state" : {
        "branch" : "main",
        "revision" : "7ac79d89776a73c632cd4c33ae96de26a4e920c3"
      }
    },
    {
      "identity" : "refds-injection",
      "kind" : "remoteSourceControl",
      "location" : "https://github.com/rafaelesantos/refds-injection.git",
      "state" : {
        "branch" : "main",
        "revision" : "16e85653c6fe36ec7b22ffb2ba667b286e748bc6"
      }
    },
    {
      "identity" : "refds-network",
      "kind" : "remoteSourceControl",
      "location" : "https://github.com/rafaelesantos/refds-network.git",
      "state" : {
        "branch" : "main",
        "revision" : "b1581783a4709b39f13cad219cab36061ca3dd41"
      }
    },
    {
      "identity" : "refds-router",
      "kind" : "remoteSourceControl",
      "location" : "https://github.com/rafaelesantos/refds-router.git",
      "state" : {
        "branch" : "main",
        "revision" : "e92f26e8d1f392f51d6cb4af20d3e77c287ab6a1"
      }
    },
    {
      "identity" : "refds-shared",
      "kind" : "remoteSourceControl",
      "location" : "https://github.com/rafaelesantos/refds-shared.git",
      "state" : {
        "branch" : "main",
        "revision" : "bed407aeb37f84b08f1dc8d8b3422acfa0a216bf"
      }
    },
    {
      "identity" : "refds-welcome",
      "kind" : "remoteSourceControl",
      "location" : "https://github.com/rafaelesantos/refds-welcome.git",
      "state" : {
        "branch" : "main",
        "revision" : "6eede0e1b403ccec6bee0d68aa02417ba642e311"
      }
    }
  ],
  "version" : 2
}
