{
  "pins" : [
    {
      "identity" : "refds-core-data",
      "kind" : "remoteSourceControl",
      "location" : "https://github.com/rafaelesantos/refds-core-data.git",
      "state" : {
        "branch" : "main",
        "revision" : "f06c507d99609efd54559bb1786e8af273f93157"
      }
    },
    {
      "identity" : "refds-design-patterns",
      "kind" : "remoteSourceControl",
      "location" : "https://github.com/rafaelesantos/refds-design-patterns.git",
      "state" : {
        "branch" : "main",
        "revision" : "8bf6469eeae4243e35bdb2bd95ec231a2c5b21e5"
      }
    },
    {
      "identity" : "refds-design-system",
      "kind" : "remoteSourceControl",
      "location" : "https://github.com/rafaelesantos/refds-design-system.git",
      "state" : {
        "branch" : "main",
        "revision" : "bea7a2974e5a3ca7d89c5bc638f1159b9d356c4a"
      }
    },
    {
      "identity" : "refds-injection",
      "kind" : "remoteSourceControl",
      "location" : "https://github.com/rafaelesantos/refds-injection.git",
      "state" : {
        "branch" : "main",
        "revision" : "16e85653c6fe36ec7b22ffb2ba667b286e748bc6"
      }
    },
    {
      "identity" : "refds-network",
      "kind" : "remoteSourceControl",
      "location" : "https://github.com/rafaelesantos/refds-network.git",
      "state" : {
        "branch" : "main",
        "revision" : "b1581783a4709b39f13cad219cab36061ca3dd41"
      }
    },
    {
      "identity" : "refds-router",
      "kind" : "remoteSourceControl",
      "location" : "https://github.com/rafaelesantos/refds-router.git",
      "state" : {
        "branch" : "main",
        "revision" : "e92f26e8d1f392f51d6cb4af20d3e77c287ab6a1"
      }
    },
    {
      "identity" : "refds-shared",
      "kind" : "remoteSourceControl",
      "location" : "https://github.com/rafaelesantos/refds-shared.git",
      "state" : {
        "branch" : "main",
        "revision" : "a0aa243ef167e85880bbf7133c6891171fb2222d"
      }
    }
  ],
  "version" : 2
}
