{
  "pins" : [
    {
      "identity" : "refds-auth",
      "kind" : "remoteSourceControl",
      "location" : "https://github.com/rafaelesantos/refds-auth.git",
      "state" : {
        "branch" : "main",
        "revision" : "5b32b1707fa4acb312a4d6f59d0c1dc6703904d4"
      }
    },
    {
      "identity" : "refds-core-data",
      "kind" : "remoteSourceControl",
      "location" : "https://github.com/rafaelesantos/refds-core-data.git",
      "state" : {
        "branch" : "main",
        "revision" : "f06c507d99609efd54559bb1786e8af273f93157"
      }
    },
    {
      "identity" : "refds-design-patterns",
      "kind" : "remoteSourceControl",
      "location" : "https://github.com/rafaelesantos/refds-design-patterns.git",
      "state" : {
        "branch" : "main",
        "revision" : "4dda22e3461397bc5eff021d66dad5131d80c4fd"
      }
    },
    {
      "identity" : "refds-design-system",
      "kind" : "remoteSourceControl",
      "location" : "https://github.com/rafaelesantos/refds-design-system.git",
      "state" : {
        "branch" : "main",
        "revision" : "ed6fd3e51d8b7fb61e1f8e4d631438fecc9ae723"
      }
    },
    {
      "identity" : "refds-gamification",
      "kind" : "remoteSourceControl",
      "location" : "https://github.com/rafaelesantos/refds-gamification.git",
      "state" : {
        "branch" : "main",
        "revision" : "9c5008e01941fb6451a0e34a85c2fcb17f31a3d3"
      }
    },
    {
      "identity" : "refds-injection",
      "kind" : "remoteSourceControl",
      "location" : "https://github.com/rafaelesantos/refds-injection.git",
      "state" : {
        "branch" : "main",
        "revision" : "d02d560e569b39a0d112f55db411419ee67ebbdd"
      }
    },
    {
      "identity" : "refds-network",
      "kind" : "remoteSourceControl",
      "location" : "https://github.com/rafaelesantos/refds-network.git",
      "state" : {
        "branch" : "main",
        "revision" : "fad8529c32185c814e2b07a5f6beeb3d158c4d1e"
      }
    },
    {
      "identity" : "refds-router",
      "kind" : "remoteSourceControl",
      "location" : "https://github.com/rafaelesantos/refds-router.git",
      "state" : {
        "branch" : "main",
        "revision" : "e92f26e8d1f392f51d6cb4af20d3e77c287ab6a1"
      }
    },
    {
      "identity" : "refds-shared",
      "kind" : "remoteSourceControl",
      "location" : "https://github.com/rafaelesantos/refds-shared.git",
      "state" : {
        "branch" : "main",
        "revision" : "2fca2dbb25978b84565e7d66b0fde0c288405c82"
      }
    },
    {
      "identity" : "refds-welcome",
      "kind" : "remoteSourceControl",
      "location" : "https://github.com/rafaelesantos/refds-welcome.git",
      "state" : {
        "branch" : "main",
        "revision" : "f2ff18343db461c5ed076d7b447863da6893659c"
      }
    }
  ],
  "version" : 2
}
